
Microsoft Visual Studio Solution File, Format Version 12.00
# Visual Studio 15
VisualStudioVersion = 15.0.27703.2026
MinimumVisualStudioVersion = 10.0.40219.1
Project("{9A19103F-16F7-4668-BE54-9A1E7A4F7556}") = "TrocoBrq.Data", "EstruturaDDD_Template\EstruturaDDD_Template.Data\TrocoBrq.Data.csproj", "{4ECF6EA5-F9C7-4911-A265-9EF864D80D53}"
EndProject
Project("{9A19103F-16F7-4668-BE54-9A1E7A4F7556}") = "TrocoBrq.Domain", "EstruturaDDD_Template\EstruturaDDD_Template.Domain\TrocoBrq.Domain.csproj", "{488D8F76-52F2-4DA7-8421-F8D047FD26C8}"
EndProject
Project("{9A19103F-16F7-4668-BE54-9A1E7A4F7556}") = "TrocoBrq.Services", "EstruturaDDD_Template\EstruturaDDD_Template.Services\TrocoBrq.Services.csproj", "{FF577A1C-07FF-4F47-94C8-6797570183C3}"
EndProject
Project("{9A19103F-16F7-4668-BE54-9A1E7A4F7556}") = "TrocoBrq.Aplication", "EstruturaDDD_Template.Aplication\TrocoBrq.Aplication.csproj", "{2DDB2716-8A9C-4402-8333-7D9108D72FBE}"
EndProject
Project("{2150E333-8FDC-42A3-9474-1A3956D46DE8}") = "01 - Presentation", "01 - Presentation", "{19EB4C0B-C432-45E4-B363-7C19699E9A22}"
EndProject
Project("{2150E333-8FDC-42A3-9474-1A3956D46DE8}") = "02 - Domain", "02 - Domain", "{89AA1672-D5F0-4EB1-9D4A-DB286A6CBC5D}"
EndProject
Project("{2150E333-8FDC-42A3-9474-1A3956D46DE8}") = "03 - Infra", "03 - Infra", "{DF5671AC-8366-4161-B78C-31BD1CB60596}"
EndProject
Project("{2150E333-8FDC-42A3-9474-1A3956D46DE8}") = "3.1 - Data", "3.1 - Data", "{E6A9E609-46F4-4009-B227-685A7A7EC818}"
EndProject
Project("{2150E333-8FDC-42A3-9474-1A3956D46DE8}") = "3.2 - Cross", "3.2 - Cross", "{41CE4687-CEC6-44FF-B5F2-94A7D4AA5404}"
EndProject
Project("{2150E333-8FDC-42A3-9474-1A3956D46DE8}") = "3.2.2 - AutoMapper", "3.2.2 - AutoMapper", "{70551234-0D73-45E9-A0AD-6D351CFF5500}"
EndProject
Project("{2150E333-8FDC-42A3-9474-1A3956D46DE8}") = "3.2.3 - DTO", "3.2.3 - DTO", "{342568A7-C530-4BE5-B1F9-79D28992F6B1}"
EndProject
Project("{2150E333-8FDC-42A3-9474-1A3956D46DE8}") = "3.2.1 - IoC", "3.2.1 - IoC", "{29E8E567-632D-4381-A1B6-2B938FAD15D5}"
EndProject
Project("{9A19103F-16F7-4668-BE54-9A1E7A4F7556}") = "TrocoBrq.Cross.DTO", "EntruturaDDD_Template\TrocoBrq.Cross.DTO.csproj", "{DCEB24FC-C9B6-41B5-8684-1FEBB5F8D0B4}"
EndProject
Project("{9A19103F-16F7-4668-BE54-9A1E7A4F7556}") = "TrocoBrq.Cross.AutoMapper", "EntruturaDDD_Template.Cross.AutoMapper\TrocoBrq.Cross.AutoMapper.csproj", "{45F1ED6B-717E-4C3C-AA1E-2A22B736AAFB}"
EndProject
Project("{9A19103F-16F7-4668-BE54-9A1E7A4F7556}") = "TrocoBrq.Teste", "TrocoBrq.Teste\TrocoBrq.Teste.csproj", "{9BE8E8E2-DC5E-4592-B297-1A445C1C409F}"
EndProject
Project("{2150E333-8FDC-42A3-9474-1A3956D46DE8}") = "04 - Teste", "04 - Teste", "{6C2D5347-2C83-4594-81FF-5B83ACEB0929}"
EndProject
Global
	GlobalSection(SolutionConfigurationPlatforms) = preSolution
		Debug|Any CPU = Debug|Any CPU
		Release|Any CPU = Release|Any CPU
	EndGlobalSection
	GlobalSection(ProjectConfigurationPlatforms) = postSolution
		{4ECF6EA5-F9C7-4911-A265-9EF864D80D53}.Debug|Any CPU.ActiveCfg = Debug|Any CPU
		{4ECF6EA5-F9C7-4911-A265-9EF864D80D53}.Debug|Any CPU.Build.0 = Debug|Any CPU
		{4ECF6EA5-F9C7-4911-A265-9EF864D80D53}.Release|Any CPU.ActiveCfg = Release|Any CPU
		{4ECF6EA5-F9C7-4911-A265-9EF864D80D53}.Release|Any CPU.Build.0 = Release|Any CPU
		{488D8F76-52F2-4DA7-8421-F8D047FD26C8}.Debug|Any CPU.ActiveCfg = Debug|Any CPU
		{488D8F76-52F2-4DA7-8421-F8D047FD26C8}.Debug|Any CPU.Build.0 = Debug|Any CPU
		{488D8F76-52F2-4DA7-8421-F8D047FD26C8}.Release|Any CPU.ActiveCfg = Release|Any CPU
		{488D8F76-52F2-4DA7-8421-F8D047FD26C8}.Release|Any CPU.Build.0 = Release|Any CPU
		{FF577A1C-07FF-4F47-94C8-6797570183C3}.Debug|Any CPU.ActiveCfg = Debug|Any CPU
		{FF577A1C-07FF-4F47-94C8-6797570183C3}.Debug|Any CPU.Build.0 = Debug|Any CPU
		{FF577A1C-07FF-4F47-94C8-6797570183C3}.Release|Any CPU.ActiveCfg = Release|Any CPU
		{FF577A1C-07FF-4F47-94C8-6797570183C3}.Release|Any CPU.Build.0 = Release|Any CPU
		{2DDB2716-8A9C-4402-8333-7D9108D72FBE}.Debug|Any CPU.ActiveCfg = Debug|Any CPU
		{2DDB2716-8A9C-4402-8333-7D9108D72FBE}.Debug|Any CPU.Build.0 = Debug|Any CPU
		{2DDB2716-8A9C-4402-8333-7D9108D72FBE}.Release|Any CPU.ActiveCfg = Release|Any CPU
		{2DDB2716-8A9C-4402-8333-7D9108D72FBE}.Release|Any CPU.Build.0 = Release|Any CPU
		{DCEB24FC-C9B6-41B5-8684-1FEBB5F8D0B4}.Debug|Any CPU.ActiveCfg = Debug|Any CPU
		{DCEB24FC-C9B6-41B5-8684-1FEBB5F8D0B4}.Debug|Any CPU.Build.0 = Debug|Any CPU
		{DCEB24FC-C9B6-41B5-8684-1FEBB5F8D0B4}.Release|Any CPU.ActiveCfg = Release|Any CPU
		{DCEB24FC-C9B6-41B5-8684-1FEBB5F8D0B4}.Release|Any CPU.Build.0 = Release|Any CPU
		{45F1ED6B-717E-4C3C-AA1E-2A22B736AAFB}.Debug|Any CPU.ActiveCfg = Debug|Any CPU
		{45F1ED6B-717E-4C3C-AA1E-2A22B736AAFB}.Debug|Any CPU.Build.0 = Debug|Any CPU
		{45F1ED6B-717E-4C3C-AA1E-2A22B736AAFB}.Release|Any CPU.ActiveCfg = Release|Any CPU
		{45F1ED6B-717E-4C3C-AA1E-2A22B736AAFB}.Release|Any CPU.Build.0 = Release|Any CPU
		{9BE8E8E2-DC5E-4592-B297-1A445C1C409F}.Debug|Any CPU.ActiveCfg = Debug|Any CPU
		{9BE8E8E2-DC5E-4592-B297-1A445C1C409F}.Debug|Any CPU.Build.0 = Debug|Any CPU
		{9BE8E8E2-DC5E-4592-B297-1A445C1C409F}.Release|Any CPU.ActiveCfg = Release|Any CPU
		{9BE8E8E2-DC5E-4592-B297-1A445C1C409F}.Release|Any CPU.Build.0 = Release|Any CPU
	EndGlobalSection
	GlobalSection(SolutionProperties) = preSolution
		HideSolutionNode = FALSE
	EndGlobalSection
	GlobalSection(NestedProjects) = preSolution
		{4ECF6EA5-F9C7-4911-A265-9EF864D80D53} = {E6A9E609-46F4-4009-B227-685A7A7EC818}
		{488D8F76-52F2-4DA7-8421-F8D047FD26C8} = {89AA1672-D5F0-4EB1-9D4A-DB286A6CBC5D}
		{FF577A1C-07FF-4F47-94C8-6797570183C3} = {29E8E567-632D-4381-A1B6-2B938FAD15D5}
		{2DDB2716-8A9C-4402-8333-7D9108D72FBE} = {19EB4C0B-C432-45E4-B363-7C19699E9A22}
		{E6A9E609-46F4-4009-B227-685A7A7EC818} = {DF5671AC-8366-4161-B78C-31BD1CB60596}
		{41CE4687-CEC6-44FF-B5F2-94A7D4AA5404} = {DF5671AC-8366-4161-B78C-31BD1CB60596}
		{70551234-0D73-45E9-A0AD-6D351CFF5500} = {41CE4687-CEC6-44FF-B5F2-94A7D4AA5404}
		{342568A7-C530-4BE5-B1F9-79D28992F6B1} = {41CE4687-CEC6-44FF-B5F2-94A7D4AA5404}
		{29E8E567-632D-4381-A1B6-2B938FAD15D5} = {41CE4687-CEC6-44FF-B5F2-94A7D4AA5404}
		{DCEB24FC-C9B6-41B5-8684-1FEBB5F8D0B4} = {342568A7-C530-4BE5-B1F9-79D28992F6B1}
		{45F1ED6B-717E-4C3C-AA1E-2A22B736AAFB} = {70551234-0D73-45E9-A0AD-6D351CFF5500}
		{9BE8E8E2-DC5E-4592-B297-1A445C1C409F} = {6C2D5347-2C83-4594-81FF-5B83ACEB0929}
	EndGlobalSection
	GlobalSection(ExtensibilityGlobals) = postSolution
		SolutionGuid = {BDEBC631-69F5-4B06-AB68-E918785EE90D}
	EndGlobalSection
EndGlobal
